
Microsoft Visual Studio Solution File, Format Version 12.00
# Visual Studio Version 16
VisualStudioVersion = 16.0.28922.388
MinimumVisualStudioVersion = 10.0.40219.1
Project("{9A19103F-16F7-4668-BE54-9A1E7A4F7556}") = "Evolution", "Evolution\Evolution.csproj", "{AD39469B-B496-4021-908A-E3C969863C53}"
EndProject
Project("{9A19103F-16F7-4668-BE54-9A1E7A4F7556}") = "Utils", "Utils\Utils.csproj", "{7332D86B-088A-43A9-97FD-22F06D64A4A0}"
EndProject
Project("{9A19103F-16F7-4668-BE54-9A1E7A4F7556}") = "EvolutionTests", "EvolutionTests\EvolutionTests.csproj", "{698721E4-1591-4F43-A4AB-65318F022FE7}"
EndProject
Project("{FAE04EC0-301F-11D3-BF4B-00C04F79EFBC}") = "SimpleTSPSolver", "SimpleTSPSolver\SimpleTSPSolver.csproj", "{8EA1BB64-EB6F-4F3A-8224-BC4D27082FF3}"
EndProject
Global
	GlobalSection(SolutionConfigurationPlatforms) = preSolution
		Debug|Any CPU = Debug|Any CPU
		Release|Any CPU = Release|Any CPU
	EndGlobalSection
	GlobalSection(ProjectConfigurationPlatforms) = postSolution
		{AD39469B-B496-4021-908A-E3C969863C53}.Debug|Any CPU.ActiveCfg = Debug|Any CPU
		{AD39469B-B496-4021-908A-E3C969863C53}.Debug|Any CPU.Build.0 = Debug|Any CPU
		{AD39469B-B496-4021-908A-E3C969863C53}.Release|Any CPU.ActiveCfg = Release|Any CPU
		{AD39469B-B496-4021-908A-E3C969863C53}.Release|Any CPU.Build.0 = Release|Any CPU
		{7332D86B-088A-43A9-97FD-22F06D64A4A0}.Debug|Any CPU.ActiveCfg = Debug|Any CPU
		{7332D86B-088A-43A9-97FD-22F06D64A4A0}.Debug|Any CPU.Build.0 = Debug|Any CPU
		{7332D86B-088A-43A9-97FD-22F06D64A4A0}.Release|Any CPU.ActiveCfg = Release|Any CPU
		{7332D86B-088A-43A9-97FD-22F06D64A4A0}.Release|Any CPU.Build.0 = Release|Any CPU
		{698721E4-1591-4F43-A4AB-65318F022FE7}.Debug|Any CPU.ActiveCfg = Debug|Any CPU
		{698721E4-1591-4F43-A4AB-65318F022FE7}.Debug|Any CPU.Build.0 = Debug|Any CPU
		{698721E4-1591-4F43-A4AB-65318F022FE7}.Release|Any CPU.ActiveCfg = Release|Any CPU
		{698721E4-1591-4F43-A4AB-65318F022FE7}.Release|Any CPU.Build.0 = Release|Any CPU
		{8EA1BB64-EB6F-4F3A-8224-BC4D27082FF3}.Debug|Any CPU.ActiveCfg = Debug|Any CPU
		{8EA1BB64-EB6F-4F3A-8224-BC4D27082FF3}.Debug|Any CPU.Build.0 = Debug|Any CPU
		{8EA1BB64-EB6F-4F3A-8224-BC4D27082FF3}.Release|Any CPU.ActiveCfg = Release|Any CPU
		{8EA1BB64-EB6F-4F3A-8224-BC4D27082FF3}.Release|Any CPU.Build.0 = Release|Any CPU
	EndGlobalSection
	GlobalSection(SolutionProperties) = preSolution
		HideSolutionNode = FALSE
	EndGlobalSection
	GlobalSection(ExtensibilityGlobals) = postSolution
		SolutionGuid = {DC240861-ADF8-42C3-BE1E-DD10A02D7763}
	EndGlobalSection
EndGlobal
